
Microsoft Visual Studio Solution File, Format Version 12.00
# Visual Studio Version 16
VisualStudioVersion = 16.0.30503.244
MinimumVisualStudioVersion = 10.0.40219.1
Project("{9A19103F-16F7-4668-BE54-9A1E7A4F7556}") = "DIO.Series", "DIO.Series.csproj", "{CF747C0A-D972-4D2A-966A-97CF496DABFC}"
EndProject
Global
	GlobalSection(SolutionConfigurationPlatforms) = preSolution
		Debug|Any CPU = Debug|Any CPU
		Release|Any CPU = Release|Any CPU
	EndGlobalSection
	GlobalSection(ProjectConfigurationPlatforms) = postSolution
		{CF747C0A-D972-4D2A-966A-97CF496DABFC}.Debug|Any CPU.ActiveCfg = Debug|Any CPU
		{CF747C0A-D972-4D2A-966A-97CF496DABFC}.Debug|Any CPU.Build.0 = Debug|Any CPU
		{CF747C0A-D972-4D2A-966A-97CF496DABFC}.Release|Any CPU.ActiveCfg = Release|Any CPU
		{CF747C0A-D972-4D2A-966A-97CF496DABFC}.Release|Any CPU.Build.0 = Release|Any CPU
	EndGlobalSection
	GlobalSection(SolutionProperties) = preSolution
		HideSolutionNode = FALSE
	EndGlobalSection
	GlobalSection(ExtensibilityGlobals) = postSolution
		SolutionGuid = {6F3F9C5D-8BF5-4B76-88F1-E6856752EECE}
	EndGlobalSection
EndGlobal
